id: lib/keylock.sh
name: keylock
type: script
subsystem: framework-core
location: lib/keylock.sh
tags: []
purpose: 'Advisory file locking: task-level lock files in .context/locks/ to prevent concurrent task modifications.'
depends_on:
- target: lib/config.sh
  type: calls
depended_by:
- target: agents/task-create/update-task.sh
  type: called_by
- target: tests/unit/lib_keylock.bats
  type: called-by
- target: tests/unit/lib_keylock.bats
  type: called_by
- target: agents/task-create/create-task.sh
  type: called_by
- target: tests/unit/keylock_subshell_close.bats
  type: called_by
- target: tests/unit/keylock_subshell_close.bats
  type: tests_by
- target: tests/unit/lib_keylock.bats
  type: tests_by
- target: tests/unit/task_id_race.bats
  type: tests_by
- target: lib/keylock.py
  type: called_by
last_verified: 2026-03-28
created_by: unknown
last_enriched: '2026-08-23'
