id: tests/unit/pre_compact_flock.bats
name: pre_compact_flock
type: script
subsystem: tests
location: tests/unit/pre_compact_flock.bats
tags: []
purpose: T-1476 — pre-compact.sh acquires a flock to prevent dual handover commits when both user-level and project-level
  PreCompact hooks fire (OBS-023).
depends_on:
- target: agents/context/pre-compact.sh
  type: calls
- target: agents/context/pre-compact.sh
  type: tests
depended_by: []
last_verified: 2026-04-25
created_by: unknown
last_enriched: '2026-05-06'
purpose_source: header-comment
