id: tests/unit/lib_keylock.bats
name: lib_keylock
type: test
subsystem: tests
location: tests/unit/lib_keylock.bats
tags: [keylock, bats, unit-test]

purpose: "Unit tests for keylock (9 tests)"

depends_on:
  - target: lib/keylock.sh
    type: calls

depended_by: []

last_verified: 2026-04-05
created_by: T-916
